
Microsoft Visual Studio Solution File, Format Version 12.00
# Visual Studio Version 17
VisualStudioVersion = 17.4.33213.308
MinimumVisualStudioVersion = 10.0.40219.1
Project("{FAE04EC0-301F-11D3-BF4B-00C04F79EFBC}") = "AdventOfCode2023", "AdventOfCode2023.csproj", "{0464A260-E1A2-4969-A482-31311D20E890}"
EndProject
Global
	GlobalSection(SolutionConfigurationPlatforms) = preSolution
		Debug|Any CPU = Debug|Any CPU
		Release|Any CPU = Release|Any CPU
	EndGlobalSection
	GlobalSection(ProjectConfigurationPlatforms) = postSolution
		{0464A260-E1A2-4969-A482-31311D20E890}.Debug|Any CPU.ActiveCfg = Debug|Any CPU
		{0464A260-E1A2-4969-A482-31311D20E890}.Debug|Any CPU.Build.0 = Debug|Any CPU
		{0464A260-E1A2-4969-A482-31311D20E890}.Release|Any CPU.ActiveCfg = Release|Any CPU
		{0464A260-E1A2-4969-A482-31311D20E890}.Release|Any CPU.Build.0 = Release|Any CPU
	EndGlobalSection
	GlobalSection(SolutionProperties) = preSolution
		HideSolutionNode = FALSE
	EndGlobalSection
	GlobalSection(ExtensibilityGlobals) = postSolution
		SolutionGuid = {8EDB9C8A-AC89-460F-A9A1-A8859EAFAD18}
	EndGlobalSection
EndGlobal
